
Microsoft Visual Studio Solution File, Format Version 10.00
# Visual Studio 2008
Project("{8BC9CEB8-8B4A-11D0-8D11-00A0C91BC942}") = "Delegate", "Delegate\Delegate.vcproj", "{1D781FD8-6FD6-458C-A47E-35BD4B870688}"
EndProject
Global
	GlobalSection(SolutionConfigurationPlatforms) = preSolution
		Debug|Win32 = Debug|Win32
		Release|Win32 = Release|Win32
	EndGlobalSection
	GlobalSection(ProjectConfigurationPlatforms) = postSolution
		{1D781FD8-6FD6-458C-A47E-35BD4B870688}.Debug|Win32.ActiveCfg = Debug|Win32
		{1D781FD8-6FD6-458C-A47E-35BD4B870688}.Debug|Win32.Build.0 = Debug|Win32
		{1D781FD8-6FD6-458C-A47E-35BD4B870688}.Release|Win32.ActiveCfg = Release|Win32
		{1D781FD8-6FD6-458C-A47E-35BD4B870688}.Release|Win32.Build.0 = Release|Win32
	EndGlobalSection
	GlobalSection(SolutionProperties) = preSolution
		HideSolutionNode = FALSE
	EndGlobalSection
EndGlobal
