
Microsoft Visual Studio Solution File, Format Version 11.00
# Visual Studio 2010
Project("{8BC9CEB8-8B4A-11D0-8D11-00A0C91BC942}") = "Demo1-CreateCLRConsoleProgram", "Demo1-CreateCLRConsoleProgram\Demo1-CreateCLRConsoleProgram.vcxproj", "{50231A6F-CFD2-4015-BAD5-A3E82A12B890}"
EndProject
Project("{8BC9CEB8-8B4A-11D0-8D11-00A0C91BC942}") = "Demo-CLRLab", "Demo-CLRLab\Demo-CLRLab.vcxproj", "{AFF68F65-E277-47E7-B630-6CCBE14852FE}"
EndProject
Project("{8BC9CEB8-8B4A-11D0-8D11-00A0C91BC942}") = "Demo2-Animals", "Demo2-Animals\Demo2-Animals.vcxproj", "{EA11AEDA-2217-4284-A72E-1AACDEB62953}"
EndProject
Project("{8BC9CEB8-8B4A-11D0-8D11-00A0C91BC942}") = "Demo3-VarOps", "Demo3-VarOps\Demo3-VarOps.vcxproj", "{9A22983C-6E1F-4379-8E74-4827FD24B565}"
EndProject
Project("{8BC9CEB8-8B4A-11D0-8D11-00A0C91BC942}") = "Demo4-UsingFunctions", "Demo4-UsingFunctions\Demo4-UsingFunctions.vcxproj", "{1003C111-0577-47AA-A4F5-62B8D103F24A}"
EndProject
Project("{8BC9CEB8-8B4A-11D0-8D11-00A0C91BC942}") = "Demo5-DecisionAndLoop", "Demo5-DecisionAndLoop\Demo5-DecisionAndLoop.vcxproj", "{67729D36-7B13-4C8C-96C2-18F76D97692A}"
EndProject
Project("{8BC9CEB8-8B4A-11D0-8D11-00A0C91BC942}") = "Demo6-CreditOrganizer", "Demo6-CreditOrganizer\Demo6-CreditOrganizer.vcxproj", "{7D41D1DA-93EB-4D43-9C7F-4B1C84444E01}"
EndProject
Project("{8BC9CEB8-8B4A-11D0-8D11-00A0C91BC942}") = "Demo7-Lifetimes", "Demo7-Lifetimes\Demo7-Lifetimes.vcxproj", "{60AC8EE5-C4B0-4671-991D-6FA22F26CA88}"
EndProject
Project("{2150E333-8FDC-42A3-9474-1A3956D46DE8}") = "Chapter 07", "Chapter 07", "{962CAF97-974D-4F56-BA5D-78986C36B5B7}"
	ProjectSection(SolutionItems) = preProject
		Demo7-Lifetimes\Chapter 7 - ReadMe.md = Demo7-Lifetimes\Chapter 7 - ReadMe.md
	EndProjectSection
EndProject
Project("{2150E333-8FDC-42A3-9474-1A3956D46DE8}") = "Chapter 01", "Chapter 01", "{B2916E85-E6F1-4B67-BD8A-D77E5BAA2277}"
EndProject
Project("{2150E333-8FDC-42A3-9474-1A3956D46DE8}") = "Chapter 02", "Chapter 02", "{79832121-DE5A-49A3-972D-1FAEBC36EF94}"
EndProject
Project("{2150E333-8FDC-42A3-9474-1A3956D46DE8}") = "Chapter 03", "Chapter 03", "{835DDCC6-5282-4A08-9520-029DA12E5E95}"
EndProject
Project("{2150E333-8FDC-42A3-9474-1A3956D46DE8}") = "Chapter 04", "Chapter 04", "{0478B278-B587-4763-AC74-ED10FB75C245}"
EndProject
Project("{2150E333-8FDC-42A3-9474-1A3956D46DE8}") = "Chapter 05", "Chapter 05", "{BEBED60F-D058-466A-AD9A-30133A462C9A}"
EndProject
Project("{2150E333-8FDC-42A3-9474-1A3956D46DE8}") = "Chapter 06", "Chapter 06", "{9C963301-3C6E-45BC-88E5-43B220B74E20}"
EndProject
Project("{2150E333-8FDC-42A3-9474-1A3956D46DE8}") = "Lab", "Lab", "{46366A3E-07A9-4112-ADD5-5F7BE5249D31}"
EndProject
Project("{8BC9CEB8-8B4A-11D0-8D11-00A0C91BC942}") = "CreateFromEmptyProject", "CreateFromEmptyProject\CreateFromEmptyProject.vcxproj", "{F5BE9770-809E-4B87-87D3-FDD9A72B30E2}"
EndProject
Project("{8BC9CEB8-8B4A-11D0-8D11-00A0C91BC942}") = "Demo8-CopyCon", "Demo8-CopyCon\Demo8-CopyCon.vcxproj", "{100706FA-C3FF-4070-AD6D-063B477F7015}"
EndProject
Project("{8BC9CEB8-8B4A-11D0-8D11-00A0C91BC942}") = "Demo9-StackSemantics", "Demo9-StackSemantics\Demo9-StackSemantics.vcxproj", "{0921F910-DBD7-4922-A72B-6DB67DBB7222}"
EndProject
Project("{2150E333-8FDC-42A3-9474-1A3956D46DE8}") = "Chapter 08", "Chapter 08", "{EF207F93-54E3-48C4-B0A6-9B0DA69E002D}"
	ProjectSection(SolutionItems) = preProject
		Chapter 08 Target.md = Chapter 08 Target.md
	EndProjectSection
EndProject
Project("{8BC9CEB8-8B4A-11D0-8D11-00A0C91BC942}") = "Demo10-BigBank", "Demo10-BigBank\Demo10-BigBank.vcxproj", "{C663BADD-FC10-4E24-8B21-B438AD98578D}"
EndProject
Global
	GlobalSection(SolutionConfigurationPlatforms) = preSolution
		Debug|Win32 = Debug|Win32
		Release|Win32 = Release|Win32
	EndGlobalSection
	GlobalSection(ProjectConfigurationPlatforms) = postSolution
		{50231A6F-CFD2-4015-BAD5-A3E82A12B890}.Debug|Win32.ActiveCfg = Debug|Win32
		{50231A6F-CFD2-4015-BAD5-A3E82A12B890}.Debug|Win32.Build.0 = Debug|Win32
		{50231A6F-CFD2-4015-BAD5-A3E82A12B890}.Release|Win32.ActiveCfg = Release|Win32
		{50231A6F-CFD2-4015-BAD5-A3E82A12B890}.Release|Win32.Build.0 = Release|Win32
		{AFF68F65-E277-47E7-B630-6CCBE14852FE}.Debug|Win32.ActiveCfg = Debug|Win32
		{AFF68F65-E277-47E7-B630-6CCBE14852FE}.Debug|Win32.Build.0 = Debug|Win32
		{AFF68F65-E277-47E7-B630-6CCBE14852FE}.Release|Win32.ActiveCfg = Release|Win32
		{AFF68F65-E277-47E7-B630-6CCBE14852FE}.Release|Win32.Build.0 = Release|Win32
		{EA11AEDA-2217-4284-A72E-1AACDEB62953}.Debug|Win32.ActiveCfg = Debug|Win32
		{EA11AEDA-2217-4284-A72E-1AACDEB62953}.Debug|Win32.Build.0 = Debug|Win32
		{EA11AEDA-2217-4284-A72E-1AACDEB62953}.Release|Win32.ActiveCfg = Release|Win32
		{EA11AEDA-2217-4284-A72E-1AACDEB62953}.Release|Win32.Build.0 = Release|Win32
		{9A22983C-6E1F-4379-8E74-4827FD24B565}.Debug|Win32.ActiveCfg = Debug|Win32
		{9A22983C-6E1F-4379-8E74-4827FD24B565}.Debug|Win32.Build.0 = Debug|Win32
		{9A22983C-6E1F-4379-8E74-4827FD24B565}.Release|Win32.ActiveCfg = Release|Win32
		{9A22983C-6E1F-4379-8E74-4827FD24B565}.Release|Win32.Build.0 = Release|Win32
		{1003C111-0577-47AA-A4F5-62B8D103F24A}.Debug|Win32.ActiveCfg = Debug|Win32
		{1003C111-0577-47AA-A4F5-62B8D103F24A}.Debug|Win32.Build.0 = Debug|Win32
		{1003C111-0577-47AA-A4F5-62B8D103F24A}.Release|Win32.ActiveCfg = Release|Win32
		{1003C111-0577-47AA-A4F5-62B8D103F24A}.Release|Win32.Build.0 = Release|Win32
		{67729D36-7B13-4C8C-96C2-18F76D97692A}.Debug|Win32.ActiveCfg = Debug|Win32
		{67729D36-7B13-4C8C-96C2-18F76D97692A}.Debug|Win32.Build.0 = Debug|Win32
		{67729D36-7B13-4C8C-96C2-18F76D97692A}.Release|Win32.ActiveCfg = Release|Win32
		{67729D36-7B13-4C8C-96C2-18F76D97692A}.Release|Win32.Build.0 = Release|Win32
		{7D41D1DA-93EB-4D43-9C7F-4B1C84444E01}.Debug|Win32.ActiveCfg = Debug|Win32
		{7D41D1DA-93EB-4D43-9C7F-4B1C84444E01}.Debug|Win32.Build.0 = Debug|Win32
		{7D41D1DA-93EB-4D43-9C7F-4B1C84444E01}.Release|Win32.ActiveCfg = Release|Win32
		{7D41D1DA-93EB-4D43-9C7F-4B1C84444E01}.Release|Win32.Build.0 = Release|Win32
		{60AC8EE5-C4B0-4671-991D-6FA22F26CA88}.Debug|Win32.ActiveCfg = Debug|Win32
		{60AC8EE5-C4B0-4671-991D-6FA22F26CA88}.Debug|Win32.Build.0 = Debug|Win32
		{60AC8EE5-C4B0-4671-991D-6FA22F26CA88}.Release|Win32.ActiveCfg = Release|Win32
		{60AC8EE5-C4B0-4671-991D-6FA22F26CA88}.Release|Win32.Build.0 = Release|Win32
		{F5BE9770-809E-4B87-87D3-FDD9A72B30E2}.Debug|Win32.ActiveCfg = Debug|Win32
		{F5BE9770-809E-4B87-87D3-FDD9A72B30E2}.Debug|Win32.Build.0 = Debug|Win32
		{F5BE9770-809E-4B87-87D3-FDD9A72B30E2}.Release|Win32.ActiveCfg = Release|Win32
		{F5BE9770-809E-4B87-87D3-FDD9A72B30E2}.Release|Win32.Build.0 = Release|Win32
		{100706FA-C3FF-4070-AD6D-063B477F7015}.Debug|Win32.ActiveCfg = Debug|Win32
		{100706FA-C3FF-4070-AD6D-063B477F7015}.Debug|Win32.Build.0 = Debug|Win32
		{100706FA-C3FF-4070-AD6D-063B477F7015}.Release|Win32.ActiveCfg = Release|Win32
		{100706FA-C3FF-4070-AD6D-063B477F7015}.Release|Win32.Build.0 = Release|Win32
		{0921F910-DBD7-4922-A72B-6DB67DBB7222}.Debug|Win32.ActiveCfg = Debug|Win32
		{0921F910-DBD7-4922-A72B-6DB67DBB7222}.Debug|Win32.Build.0 = Debug|Win32
		{0921F910-DBD7-4922-A72B-6DB67DBB7222}.Release|Win32.ActiveCfg = Release|Win32
		{0921F910-DBD7-4922-A72B-6DB67DBB7222}.Release|Win32.Build.0 = Release|Win32
		{C663BADD-FC10-4E24-8B21-B438AD98578D}.Debug|Win32.ActiveCfg = Debug|Win32
		{C663BADD-FC10-4E24-8B21-B438AD98578D}.Debug|Win32.Build.0 = Debug|Win32
		{C663BADD-FC10-4E24-8B21-B438AD98578D}.Release|Win32.ActiveCfg = Release|Win32
		{C663BADD-FC10-4E24-8B21-B438AD98578D}.Release|Win32.Build.0 = Release|Win32
	EndGlobalSection
	GlobalSection(SolutionProperties) = preSolution
		HideSolutionNode = FALSE
	EndGlobalSection
	GlobalSection(NestedProjects) = preSolution
		{60AC8EE5-C4B0-4671-991D-6FA22F26CA88} = {962CAF97-974D-4F56-BA5D-78986C36B5B7}
		{100706FA-C3FF-4070-AD6D-063B477F7015} = {962CAF97-974D-4F56-BA5D-78986C36B5B7}
		{0921F910-DBD7-4922-A72B-6DB67DBB7222} = {962CAF97-974D-4F56-BA5D-78986C36B5B7}
		{50231A6F-CFD2-4015-BAD5-A3E82A12B890} = {B2916E85-E6F1-4B67-BD8A-D77E5BAA2277}
		{EA11AEDA-2217-4284-A72E-1AACDEB62953} = {79832121-DE5A-49A3-972D-1FAEBC36EF94}
		{9A22983C-6E1F-4379-8E74-4827FD24B565} = {835DDCC6-5282-4A08-9520-029DA12E5E95}
		{1003C111-0577-47AA-A4F5-62B8D103F24A} = {0478B278-B587-4763-AC74-ED10FB75C245}
		{67729D36-7B13-4C8C-96C2-18F76D97692A} = {BEBED60F-D058-466A-AD9A-30133A462C9A}
		{7D41D1DA-93EB-4D43-9C7F-4B1C84444E01} = {9C963301-3C6E-45BC-88E5-43B220B74E20}
		{AFF68F65-E277-47E7-B630-6CCBE14852FE} = {46366A3E-07A9-4112-ADD5-5F7BE5249D31}
		{F5BE9770-809E-4B87-87D3-FDD9A72B30E2} = {46366A3E-07A9-4112-ADD5-5F7BE5249D31}
		{C663BADD-FC10-4E24-8B21-B438AD98578D} = {EF207F93-54E3-48C4-B0A6-9B0DA69E002D}
	EndGlobalSection
EndGlobal
